lockfileVersion: '6.0'

settings:
  autoInstallPeers: true
  excludeLinksFromLockfile: false

devDependencies:
  '@socnik/my-prettier-config':
    specifier: ^1.0.0
    version: 1.0.0
  prettier:
    specifier: ^3.2.5
    version: 3.2.5

packages:

  /@socnik/my-prettier-config@1.0.0:
    resolution: {integrity: sha512-F9uyvMH5RoUHEE7DLr2qAsDwuUIrfIs2TPX9fQwyq80/UTP7kALVPQQsJXjWSFpnkylfBmhSnl4lApKjjkvpqg==}
    engines: {node: '>=18.0.0'}
    dev: true

  /prettier@3.2.5:
    resolution: {integrity: sha512-3/GWa9aOC0YeD7LUfvOG2NiDyhOWRvt1k+rcKhOuYnMY24iiCphgneUfJDyFXd6rZCAnuLBv6UeAULtrhT/F4A==}
    engines: {node: '>=14'}
    hasBin: true
    dev: true
